// !$*UTF8*$!
{
	archiveVersion = 1;
	classes = {
	};
	objectVersion = 51;
	objects = {

/* Begin PBXBuildFile section */
		434B1B53245682D000B351E4 /* WorkoutCardView.swift in Sources */ = {isa = PBXBuildFile; fileRef = 434B1B52245682D000B351E4 /* WorkoutCardView.swift */; };
		434B1B592457EBB900B351E4 /* HorizontalCalendarView.swift in Sources */ = {isa = PBXBuildFile; fileRef = 434B1B582457EBB900B351E4 /* HorizontalCalendarView.swift */; };
		434B1B5D2457FA4E00B351E4 /* Workout.swift in Sources */ = {isa = PBXBuildFile; fileRef = 434B1B5C2457FA4E00B351E4 /* Workout.swift */; };
		434B1B602457FF4500B351E4 /* workoutData.json in Resources */ = {isa = PBXBuildFile; fileRef = 434B1B5F2457FF4500B351E4 /* workoutData.json */; };
		434B1B622458000700B351E4 /* Data.swift in Sources */ = {isa = PBXBuildFile; fileRef = 434B1B612458000700B351E4 /* Data.swift */; };
		434B1B642458008400B351E4 /* UserData.swift in Sources */ = {isa = PBXBuildFile; fileRef = 434B1B632458008400B351E4 /* UserData.swift */; };
		434B1B662458014B00B351E4 /* WorkoutCardList.swift in Sources */ = {isa = PBXBuildFile; fileRef = 434B1B652458014B00B351E4 /* WorkoutCardList.swift */; };
		434B1B6C245A745D00B351E4 /* ProgrammingView.swift in Sources */ = {isa = PBXBuildFile; fileRef = 434B1B6B245A745D00B351E4 /* ProgrammingView.swift */; };
		434B1B6F245A871A00B351E4 /* ScheduleView.swift in Sources */ = {isa = PBXBuildFile; fileRef = 434B1B6E245A871A00B351E4 /* ScheduleView.swift */; };
		434B1B75245A88AB00B351E4 /* CustomDivider.swift in Sources */ = {isa = PBXBuildFile; fileRef = 434B1B74245A88AB00B351E4 /* CustomDivider.swift */; };
		434B1B77245A8CB300B351E4 /* Schedule.swift in Sources */ = {isa = PBXBuildFile; fileRef = 434B1B76245A8CB300B351E4 /* Schedule.swift */; };
		434B1B79245A8DB900B351E4 /* ScheduleItemView.swift in Sources */ = {isa = PBXBuildFile; fileRef = 434B1B78245A8DB900B351E4 /* ScheduleItemView.swift */; };
		434B1B7B245A8FBD00B351E4 /* scheduleData.json in Resources */ = {isa = PBXBuildFile; fileRef = 434B1B7A245A8FBD00B351E4 /* scheduleData.json */; };
		434B1B7D245A9B8B00B351E4 /* ScheduleListView.swift in Sources */ = {isa = PBXBuildFile; fileRef = 434B1B7C245A9B8B00B351E4 /* ScheduleListView.swift */; };
		434B1B7F245D3BC800B351E4 /* ScheduleHeader.swift in Sources */ = {isa = PBXBuildFile; fileRef = 434B1B7E245D3BC800B351E4 /* ScheduleHeader.swift */; };
		434B1B81245E8FD100B351E4 /* ScheduleFilterListView.swift in Sources */ = {isa = PBXBuildFile; fileRef = 434B1B80245E8FD100B351E4 /* ScheduleFilterListView.swift */; };
		434B1B832460D98F00B351E4 /* GoogleService-Info.plist in Resources */ = {isa = PBXBuildFile; fileRef = 434B1B822460D98E00B351E4 /* GoogleService-Info.plist */; };
		434B1B852463AF8300B351E4 /* Test.swift in Sources */ = {isa = PBXBuildFile; fileRef = 434B1B842463AF8300B351E4 /* Test.swift */; };
		434B1B882463B12800B351E4 /* TestRepository.swift in Sources */ = {isa = PBXBuildFile; fileRef = 434B1B872463B12800B351E4 /* TestRepository.swift */; };
		434B1B8D2463C03800B351E4 /* TestListView.swift in Sources */ = {isa = PBXBuildFile; fileRef = 434B1B8C2463C03800B351E4 /* TestListView.swift */; };
		434B1B8F2463C07000B351E4 /* TestListViewModel.swift in Sources */ = {isa = PBXBuildFile; fileRef = 434B1B8E2463C07000B351E4 /* TestListViewModel.swift */; };
		434B1B912463C0B300B351E4 /* TestCellViewModel.swift in Sources */ = {isa = PBXBuildFile; fileRef = 434B1B902463C0B300B351E4 /* TestCellViewModel.swift */; };
		434B1B972468ED9400B351E4 /* ScheduleRepository.swift in Sources */ = {isa = PBXBuildFile; fileRef = 434B1B962468ED9400B351E4 /* ScheduleRepository.swift */; };
		434B1B992468F89000B351E4 /* ScheduleCellViewModel.swift in Sources */ = {isa = PBXBuildFile; fileRef = 434B1B982468F89000B351E4 /* ScheduleCellViewModel.swift */; };
		434B1B9B2468F93D00B351E4 /* ScheduleListViewModel.swift in Sources */ = {isa = PBXBuildFile; fileRef = 434B1B9A2468F93D00B351E4 /* ScheduleListViewModel.swift */; };
		434B1BA0246A5F6200B351E4 /* AppDelegate+Injection.swift in Sources */ = {isa = PBXBuildFile; fileRef = 434B1B9F246A5F6200B351E4 /* AppDelegate+Injection.swift */; };
		434B1BA3246CFB5300B351E4 /* DateExt.swift in Sources */ = {isa = PBXBuildFile; fileRef = 434B1BA2246CFB5300B351E4 /* DateExt.swift */; };
		434B1BA5246CFDCA00B351E4 /* WorkoutDate.swift in Sources */ = {isa = PBXBuildFile; fileRef = 434B1BA4246CFDCA00B351E4 /* WorkoutDate.swift */; };
		434B1BA7246D0FD400B351E4 /* DateView.swift in Sources */ = {isa = PBXBuildFile; fileRef = 434B1BA6246D0FD400B351E4 /* DateView.swift */; };
		43797FF52453E67C00B23CCF /* AppDelegate.swift in Sources */ = {isa = PBXBuildFile; fileRef = 43797FF42453E67C00B23CCF /* AppDelegate.swift */; };
		43797FF72453E67C00B23CCF /* SceneDelegate.swift in Sources */ = {isa = PBXBuildFile; fileRef = 43797FF62453E67C00B23CCF /* SceneDelegate.swift */; };
		43797FF92453E67C00B23CCF /* ContentView.swift in Sources */ = {isa = PBXBuildFile; fileRef = 43797FF82453E67C00B23CCF /* ContentView.swift */; };
		43797FFB2453E68400B23CCF /* Assets.xcassets in Resources */ = {isa = PBXBuildFile; fileRef = 43797FFA2453E68400B23CCF /* Assets.xcassets */; };
		43797FFE2453E68400B23CCF /* Preview Assets.xcassets in Resources */ = {isa = PBXBuildFile; fileRef = 43797FFD2453E68400B23CCF /* Preview Assets.xcassets */; };
		437980012453E68400B23CCF /* LaunchScreen.storyboard in Resources */ = {isa = PBXBuildFile; fileRef = 43797FFF2453E68400B23CCF /* LaunchScreen.storyboard */; };
		DC16D4632839E1387E77D982 /* Pods_ios.framework in Frameworks */ = {isa = PBXBuildFile; fileRef = E625D8E8ECD74E1BECB3D321 /* Pods_ios.framework */; };
/* End PBXBuildFile section */

/* Begin PBXFileReference section */
		3F4DD958BF6A96059E720551 /* Pods-ios.debug.xcconfig */ = {isa = PBXFileReference; includeInIndex = 1; lastKnownFileType = text.xcconfig; name = "Pods-ios.debug.xcconfig"; path = "Target Support Files/Pods-ios/Pods-ios.debug.xcconfig"; sourceTree = "<group>"; };
		434B1B52245682D000B351E4 /* WorkoutCardView.swift */ = {isa = PBXFileReference; lastKnownFileType = sourcecode.swift; path = WorkoutCardView.swift; sourceTree = "<group>"; };
		434B1B582457EBB900B351E4 /* HorizontalCalendarView.swift */ = {isa = PBXFileReference; lastKnownFileType = sourcecode.swift; path = HorizontalCalendarView.swift; sourceTree = "<group>"; };
		434B1B5C2457FA4E00B351E4 /* Workout.swift */ = {isa = PBXFileReference; lastKnownFileType = sourcecode.swift; path = Workout.swift; sourceTree = "<group>"; };
		434B1B5F2457FF4500B351E4 /* workoutData.json */ = {isa = PBXFileReference; fileEncoding = 4; lastKnownFileType = text.json; name = workoutData.json; path = /Users/tburke/Desktop/repos/BruinFitnessIOS/ios/ios/Resources/../../../../../workoutData.json; sourceTree = "<absolute>"; };
		434B1B612458000700B351E4 /* Data.swift */ = {isa = PBXFileReference; lastKnownFileType = sourcecode.swift; path = Data.swift; sourceTree = "<group>"; };
		434B1B632458008400B351E4 /* UserData.swift */ = {isa = PBXFileReference; lastKnownFileType = sourcecode.swift; path = UserData.swift; sourceTree = "<group>"; };
		434B1B652458014B00B351E4 /* WorkoutCardList.swift */ = {isa = PBXFileReference; lastKnownFileType = sourcecode.swift; path = WorkoutCardList.swift; sourceTree = "<group>"; };
		434B1B6B245A745D00B351E4 /* ProgrammingView.swift */ = {isa = PBXFileReference; lastKnownFileType = sourcecode.swift; path = ProgrammingView.swift; sourceTree = "<group>"; };
		434B1B6E245A871A00B351E4 /* ScheduleView.swift */ = {isa = PBXFileReference; lastKnownFileType = sourcecode.swift; path = ScheduleView.swift; sourceTree = "<group>"; };
		434B1B74245A88AB00B351E4 /* CustomDivider.swift */ = {isa = PBXFileReference; lastKnownFileType = sourcecode.swift; path = CustomDivider.swift; sourceTree = "<group>"; };
		434B1B76245A8CB300B351E4 /* Schedule.swift */ = {isa = PBXFileReference; lastKnownFileType = sourcecode.swift; path = Schedule.swift; sourceTree = "<group>"; };
		434B1B78245A8DB900B351E4 /* ScheduleItemView.swift */ = {isa = PBXFileReference; lastKnownFileType = sourcecode.swift; path = ScheduleItemView.swift; sourceTree = "<group>"; };
		434B1B7A245A8FBD00B351E4 /* scheduleData.json */ = {isa = PBXFileReference; fileEncoding = 4; lastKnownFileType = text.json; name = scheduleData.json; path = ../../../../../scheduleData.json; sourceTree = "<group>"; };
		434B1B7C245A9B8B00B351E4 /* ScheduleListView.swift */ = {isa = PBXFileReference; lastKnownFileType = sourcecode.swift; path = ScheduleListView.swift; sourceTree = "<group>"; };
		434B1B7E245D3BC800B351E4 /* ScheduleHeader.swift */ = {isa = PBXFileReference; lastKnownFileType = sourcecode.swift; path = ScheduleHeader.swift; sourceTree = "<group>"; };
		434B1B80245E8FD100B351E4 /* ScheduleFilterListView.swift */ = {isa = PBXFileReference; lastKnownFileType = sourcecode.swift; path = ScheduleFilterListView.swift; sourceTree = "<group>"; };
		434B1B822460D98E00B351E4 /* GoogleService-Info.plist */ = {isa = PBXFileReference; fileEncoding = 4; lastKnownFileType = text.plist.xml; name = "GoogleService-Info.plist"; path = "../../../../../Downloads/GoogleService-Info.plist"; sourceTree = "<group>"; };
		434B1B842463AF8300B351E4 /* Test.swift */ = {isa = PBXFileReference; lastKnownFileType = sourcecode.swift; path = Test.swift; sourceTree = "<group>"; };
		434B1B872463B12800B351E4 /* TestRepository.swift */ = {isa = PBXFileReference; lastKnownFileType = sourcecode.swift; path = TestRepository.swift; sourceTree = "<group>"; };
		434B1B8C2463C03800B351E4 /* TestListView.swift */ = {isa = PBXFileReference; lastKnownFileType = sourcecode.swift; path = TestListView.swift; sourceTree = "<group>"; };
		434B1B8E2463C07000B351E4 /* TestListViewModel.swift */ = {isa = PBXFileReference; lastKnownFileType = sourcecode.swift; path = TestListViewModel.swift; sourceTree = "<group>"; };
		434B1B902463C0B300B351E4 /* TestCellViewModel.swift */ = {isa = PBXFileReference; lastKnownFileType = sourcecode.swift; path = TestCellViewModel.swift; sourceTree = "<group>"; };
		434B1B962468ED9400B351E4 /* ScheduleRepository.swift */ = {isa = PBXFileReference; lastKnownFileType = sourcecode.swift; path = ScheduleRepository.swift; sourceTree = "<group>"; };
		434B1B982468F89000B351E4 /* ScheduleCellViewModel.swift */ = {isa = PBXFileReference; lastKnownFileType = sourcecode.swift; path = ScheduleCellViewModel.swift; sourceTree = "<group>"; };
		434B1B9A2468F93D00B351E4 /* ScheduleListViewModel.swift */ = {isa = PBXFileReference; lastKnownFileType = sourcecode.swift; path = ScheduleListViewModel.swift; sourceTree = "<group>"; };
		434B1B9F246A5F6200B351E4 /* AppDelegate+Injection.swift */ = {isa = PBXFileReference; lastKnownFileType = sourcecode.swift; path = "AppDelegate+Injection.swift"; sourceTree = "<group>"; };
		434B1BA2246CFB5300B351E4 /* DateExt.swift */ = {isa = PBXFileReference; lastKnownFileType = sourcecode.swift; path = DateExt.swift; sourceTree = "<group>"; };
		434B1BA4246CFDCA00B351E4 /* WorkoutDate.swift */ = {isa = PBXFileReference; lastKnownFileType = sourcecode.swift; path = WorkoutDate.swift; sourceTree = "<group>"; };
		434B1BA6246D0FD400B351E4 /* DateView.swift */ = {isa = PBXFileReference; lastKnownFileType = sourcecode.swift; path = DateView.swift; sourceTree = "<group>"; };
		43797FF12453E67C00B23CCF /* ios.app */ = {isa = PBXFileReference; explicitFileType = wrapper.application; includeInIndex = 0; path = ios.app; sourceTree = BUILT_PRODUCTS_DIR; };
		43797FF42453E67C00B23CCF /* AppDelegate.swift */ = {isa = PBXFileReference; lastKnownFileType = sourcecode.swift; path = AppDelegate.swift; sourceTree = "<group>"; };
		43797FF62453E67C00B23CCF /* SceneDelegate.swift */ = {isa = PBXFileReference; lastKnownFileType = sourcecode.swift; path = SceneDelegate.swift; sourceTree = "<group>"; };
		43797FF82453E67C00B23CCF /* ContentView.swift */ = {isa = PBXFileReference; lastKnownFileType = sourcecode.swift; path = ContentView.swift; sourceTree = "<group>"; };
		43797FFA2453E68400B23CCF /* Assets.xcassets */ = {isa = PBXFileReference; lastKnownFileType = folder.assetcatalog; path = Assets.xcassets; sourceTree = "<group>"; };
		43797FFD2453E68400B23CCF /* Preview Assets.xcassets */ = {isa = PBXFileReference; lastKnownFileType = folder.assetcatalog; path = "Preview Assets.xcassets"; sourceTree = "<group>"; };
		437980002453E68400B23CCF /* Base */ = {isa = PBXFileReference; lastKnownFileType = file.storyboard; name = Base; path = Base.lproj/LaunchScreen.storyboard; sourceTree = "<group>"; };
		437980022453E68400B23CCF /* Info.plist */ = {isa = PBXFileReference; lastKnownFileType = text.plist.xml; path = Info.plist; sourceTree = "<group>"; };
		E625D8E8ECD74E1BECB3D321 /* Pods_ios.framework */ = {isa = PBXFileReference; explicitFileType = wrapper.framework; includeInIndex = 0; path = Pods_ios.framework; sourceTree = BUILT_PRODUCTS_DIR; };
		E6B6010C6312A2C2E3035397 /* Pods-ios.release.xcconfig */ = {isa = PBXFileReference; includeInIndex = 1; lastKnownFileType = text.xcconfig; name = "Pods-ios.release.xcconfig"; path = "Target Support Files/Pods-ios/Pods-ios.release.xcconfig"; sourceTree = "<group>"; };
/* End PBXFileReference section */

/* Begin PBXFrameworksBuildPhase section */
		43797FEE2453E67C00B23CCF /* Frameworks */ = {
			isa = PBXFrameworksBuildPhase;
			buildActionMask = 2147483647;
			files = (
				DC16D4632839E1387E77D982 /* Pods_ios.framework in Frameworks */,
			);
			runOnlyForDeploymentPostprocessing = 0;
		};
/* End PBXFrameworksBuildPhase section */

/* Begin PBXGroup section */
		434B1B5A2457EBCF00B351E4 /* ProgrammingViews */ = {
			isa = PBXGroup;
			children = (
				434B1B582457EBB900B351E4 /* HorizontalCalendarView.swift */,
				434B1BA6246D0FD400B351E4 /* DateView.swift */,
				434B1B52245682D000B351E4 /* WorkoutCardView.swift */,
				434B1B6B245A745D00B351E4 /* ProgrammingView.swift */,
				434B1B652458014B00B351E4 /* WorkoutCardList.swift */,
			);
			path = ProgrammingViews;
			sourceTree = "<group>";
		};
		434B1B5B2457FA1000B351E4 /* Models */ = {
			isa = PBXGroup;
			children = (
				434B1B5C2457FA4E00B351E4 /* Workout.swift */,
				434B1B612458000700B351E4 /* Data.swift */,
				434B1B842463AF8300B351E4 /* Test.swift */,
				434B1B632458008400B351E4 /* UserData.swift */,
				434B1B76245A8CB300B351E4 /* Schedule.swift */,
				434B1BA4246CFDCA00B351E4 /* WorkoutDate.swift */,
			);
			path = Models;
			sourceTree = "<group>";
		};
		434B1B5E2457FF0F00B351E4 /* Resources */ = {
			isa = PBXGroup;
			children = (
				434B1B7A245A8FBD00B351E4 /* scheduleData.json */,
				434B1B5F2457FF4500B351E4 /* workoutData.json */,
			);
			path = Resources;
			sourceTree = "<group>";
		};
		434B1B6D245A86FB00B351E4 /* ScheduleViews */ = {
			isa = PBXGroup;
			children = (
				434B1B6E245A871A00B351E4 /* ScheduleView.swift */,
				434B1B78245A8DB900B351E4 /* ScheduleItemView.swift */,
				434B1B7E245D3BC800B351E4 /* ScheduleHeader.swift */,
				434B1B80245E8FD100B351E4 /* ScheduleFilterListView.swift */,
				434B1B7C245A9B8B00B351E4 /* ScheduleListView.swift */,
			);
			path = ScheduleViews;
			sourceTree = "<group>";
		};
		434B1B73245A889400B351E4 /* Supporting Views */ = {
			isa = PBXGroup;
			children = (
				434B1B74245A88AB00B351E4 /* CustomDivider.swift */,
			);
			path = "Supporting Views";
			sourceTree = "<group>";
		};
		434B1B862463B10C00B351E4 /* Repositories */ = {
			isa = PBXGroup;
			children = (
				434B1B872463B12800B351E4 /* TestRepository.swift */,
				434B1B962468ED9400B351E4 /* ScheduleRepository.swift */,
			);
			path = Repositories;
			sourceTree = "<group>";
		};
		434B1B9224674CBB00B351E4 /* App */ = {
			isa = PBXGroup;
			children = (
				43797FF62453E67C00B23CCF /* SceneDelegate.swift */,
				43797FF42453E67C00B23CCF /* AppDelegate.swift */,
				434B1B9F246A5F6200B351E4 /* AppDelegate+Injection.swift */,
			);
			path = App;
			sourceTree = "<group>";
		};
		434B1B9324679A4B00B351E4 /* ViewModels */ = {
			isa = PBXGroup;
			children = (
				434B1B8E2463C07000B351E4 /* TestListViewModel.swift */,
				434B1B902463C0B300B351E4 /* TestCellViewModel.swift */,
				434B1B982468F89000B351E4 /* ScheduleCellViewModel.swift */,
				434B1B9A2468F93D00B351E4 /* ScheduleListViewModel.swift */,
			);
			path = ViewModels;
			sourceTree = "<group>";
		};
		434B1B9524679A8300B351E4 /* Views */ = {
			isa = PBXGroup;
			children = (
				434B1B8C2463C03800B351E4 /* TestListView.swift */,
				434B1B5A2457EBCF00B351E4 /* ProgrammingViews */,
				434B1B6D245A86FB00B351E4 /* ScheduleViews */,
			);
			path = Views;
			sourceTree = "<group>";
		};
		434B1BA1246CFB2600B351E4 /* Extensions */ = {
			isa = PBXGroup;
			children = (
				434B1BA2246CFB5300B351E4 /* DateExt.swift */,
			);
			path = Extensions;
			sourceTree = "<group>";
		};
		43797FE82453E67C00B23CCF = {
			isa = PBXGroup;
			children = (
				43797FF32453E67C00B23CCF /* ios */,
				43797FF22453E67C00B23CCF /* Products */,
				4F1457F56B3FC1DA903759A1 /* Pods */,
				C1FDC202C9801DB68F20BDB9 /* Frameworks */,
			);
			sourceTree = "<group>";
		};
		43797FF22453E67C00B23CCF /* Products */ = {
			isa = PBXGroup;
			children = (
				43797FF12453E67C00B23CCF /* ios.app */,
			);
			name = Products;
			sourceTree = "<group>";
		};
		43797FF32453E67C00B23CCF /* ios */ = {
			isa = PBXGroup;
			children = (
				434B1B9224674CBB00B351E4 /* App */,
				434B1B5B2457FA1000B351E4 /* Models */,
				434B1B862463B10C00B351E4 /* Repositories */,
				434B1B9324679A4B00B351E4 /* ViewModels */,
				434B1B9524679A8300B351E4 /* Views */,
				434B1BA1246CFB2600B351E4 /* Extensions */,
				434B1B73245A889400B351E4 /* Supporting Views */,
				434B1B5E2457FF0F00B351E4 /* Resources */,
				43797FF82453E67C00B23CCF /* ContentView.swift */,
				43797FFA2453E68400B23CCF /* Assets.xcassets */,
				43797FFF2453E68400B23CCF /* LaunchScreen.storyboard */,
				437980022453E68400B23CCF /* Info.plist */,
				434B1B822460D98E00B351E4 /* GoogleService-Info.plist */,
				43797FFC2453E68400B23CCF /* Preview Content */,
			);
			path = ios;
			sourceTree = "<group>";
		};
		43797FFC2453E68400B23CCF /* Preview Content */ = {
			isa = PBXGroup;
			children = (
				43797FFD2453E68400B23CCF /* Preview Assets.xcassets */,
			);
			path = "Preview Content";
			sourceTree = "<group>";
		};
		4F1457F56B3FC1DA903759A1 /* Pods */ = {
			isa = PBXGroup;
			children = (
				3F4DD958BF6A96059E720551 /* Pods-ios.debug.xcconfig */,
				E6B6010C6312A2C2E3035397 /* Pods-ios.release.xcconfig */,
			);
			path = Pods;
			sourceTree = "<group>";
		};
		C1FDC202C9801DB68F20BDB9 /* Frameworks */ = {
			isa = PBXGroup;
			children = (
				E625D8E8ECD74E1BECB3D321 /* Pods_ios.framework */,
			);
			name = Frameworks;
			sourceTree = "<group>";
		};
/* End PBXGroup section */

/* Begin PBXNativeTarget section */
		43797FF02453E67C00B23CCF /* ios */ = {
			isa = PBXNativeTarget;
			buildConfigurationList = 437980052453E68400B23CCF /* Build configuration list for PBXNativeTarget "ios" */;
			buildPhases = (
				2C220481F8D4CEEA88148005 /* [CP] Check Pods Manifest.lock */,
				43797FED2453E67C00B23CCF /* Sources */,
				43797FEE2453E67C00B23CCF /* Frameworks */,
				43797FEF2453E67C00B23CCF /* Resources */,
				31E08AB43ED8F244917B7DBC /* [CP] Embed Pods Frameworks */,
			);
			buildRules = (
			);
			dependencies = (
			);
			name = ios;
			productName = ios;
			productReference = 43797FF12453E67C00B23CCF /* ios.app */;
			productType = "com.apple.product-type.application";
		};
/* End PBXNativeTarget section */

/* Begin PBXProject section */
		43797FE92453E67C00B23CCF /* Project object */ = {
			isa = PBXProject;
			attributes = {
				LastSwiftUpdateCheck = 1140;
				LastUpgradeCheck = 1140;
				ORGANIZATIONNAME = "Bruin Fitness";
				TargetAttributes = {
					43797FF02453E67C00B23CCF = {
						CreatedOnToolsVersion = 11.4.1;
					};
				};
			};
			buildConfigurationList = 43797FEC2453E67C00B23CCF /* Build configuration list for PBXProject "ios" */;
			compatibilityVersion = "Xcode 9.3";
			developmentRegion = en;
			hasScannedForEncodings = 0;
			knownRegions = (
				en,
				Base,
			);
			mainGroup = 43797FE82453E67C00B23CCF;
			productRefGroup = 43797FF22453E67C00B23CCF /* Products */;
			projectDirPath = "";
			projectRoot = "";
			targets = (
				43797FF02453E67C00B23CCF /* ios */,
			);
		};
/* End PBXProject section */

/* Begin PBXResourcesBuildPhase section */
		43797FEF2453E67C00B23CCF /* Resources */ = {
			isa = PBXResourcesBuildPhase;
			buildActionMask = 2147483647;
			files = (
				437980012453E68400B23CCF /* LaunchScreen.storyboard in Resources */,
				434B1B602457FF4500B351E4 /* workoutData.json in Resources */,
				43797FFE2453E68400B23CCF /* Preview Assets.xcassets in Resources */,
				43797FFB2453E68400B23CCF /* Assets.xcassets in Resources */,
				434B1B7B245A8FBD00B351E4 /* scheduleData.json in Resources */,
				434B1B832460D98F00B351E4 /* GoogleService-Info.plist in Resources */,
			);
			runOnlyForDeploymentPostprocessing = 0;
		};
/* End PBXResourcesBuildPhase section */

/* Begin PBXShellScriptBuildPhase section */
		2C220481F8D4CEEA88148005 /* [CP] Check Pods Manifest.lock */ = {
			isa = PBXShellScriptBuildPhase;
			buildActionMask = 2147483647;
			files = (
			);
			inputFileListPaths = (
			);
			inputPaths = (
				"${PODS_PODFILE_DIR_PATH}/Podfile.lock",
				"${PODS_ROOT}/Manifest.lock",
			);
			name = "[CP] Check Pods Manifest.lock";
			outputFileListPaths = (
			);
			outputPaths = (
				"$(DERIVED_FILE_DIR)/Pods-ios-checkManifestLockResult.txt",
			);
			runOnlyForDeploymentPostprocessing = 0;
			shellPath = /bin/sh;
			shellScript = "diff \"${PODS_PODFILE_DIR_PATH}/Podfile.lock\" \"${PODS_ROOT}/Manifest.lock\" > /dev/null\nif [ $? != 0 ] ; then\n    # print error to STDERR\n    echo \"error: The sandbox is not in sync with the Podfile.lock. Run 'pod install' or update your CocoaPods installation.\" >&2\n    exit 1\nfi\n# This output is used by Xcode 'outputs' to avoid re-running this script phase.\necho \"SUCCESS\" > \"${SCRIPT_OUTPUT_FILE_0}\"\n";
			showEnvVarsInLog = 0;
		};
		31E08AB43ED8F244917B7DBC /* [CP] Embed Pods Frameworks */ = {
			isa = PBXShellScriptBuildPhase;
			buildActionMask = 2147483647;
			files = (
			);
			inputFileListPaths = (
				"${PODS_ROOT}/Target Support Files/Pods-ios/Pods-ios-frameworks-${CONFIGURATION}-input-files.xcfilelist",
			);
			name = "[CP] Embed Pods Frameworks";
			outputFileListPaths = (
				"${PODS_ROOT}/Target Support Files/Pods-ios/Pods-ios-frameworks-${CONFIGURATION}-output-files.xcfilelist",
			);
			runOnlyForDeploymentPostprocessing = 0;
			shellPath = /bin/sh;
			shellScript = "\"${PODS_ROOT}/Target Support Files/Pods-ios/Pods-ios-frameworks.sh\"\n";
			showEnvVarsInLog = 0;
		};
/* End PBXShellScriptBuildPhase section */

/* Begin PBXSourcesBuildPhase section */
		43797FED2453E67C00B23CCF /* Sources */ = {
			isa = PBXSourcesBuildPhase;
			buildActionMask = 2147483647;
			files = (
				434B1B7D245A9B8B00B351E4 /* ScheduleListView.swift in Sources */,
				434B1B81245E8FD100B351E4 /* ScheduleFilterListView.swift in Sources */,
				434B1B6C245A745D00B351E4 /* ProgrammingView.swift in Sources */,
				434B1B622458000700B351E4 /* Data.swift in Sources */,
				434B1B53245682D000B351E4 /* WorkoutCardView.swift in Sources */,
				434B1BA5246CFDCA00B351E4 /* WorkoutDate.swift in Sources */,
				434B1B642458008400B351E4 /* UserData.swift in Sources */,
				434B1B7F245D3BC800B351E4 /* ScheduleHeader.swift in Sources */,
				434B1B992468F89000B351E4 /* ScheduleCellViewModel.swift in Sources */,
				434B1BA7246D0FD400B351E4 /* DateView.swift in Sources */,
				434B1BA3246CFB5300B351E4 /* DateExt.swift in Sources */,
				434B1B79245A8DB900B351E4 /* ScheduleItemView.swift in Sources */,
				434B1BA0246A5F6200B351E4 /* AppDelegate+Injection.swift in Sources */,
				434B1B592457EBB900B351E4 /* HorizontalCalendarView.swift in Sources */,
				434B1B882463B12800B351E4 /* TestRepository.swift in Sources */,
				43797FF52453E67C00B23CCF /* AppDelegate.swift in Sources */,
				43797FF72453E67C00B23CCF /* SceneDelegate.swift in Sources */,
				434B1B852463AF8300B351E4 /* Test.swift in Sources */,
				434B1B8F2463C07000B351E4 /* TestListViewModel.swift in Sources */,
				43797FF92453E67C00B23CCF /* ContentView.swift in Sources */,
				434B1B8D2463C03800B351E4 /* TestListView.swift in Sources */,
				434B1B75245A88AB00B351E4 /* CustomDivider.swift in Sources */,
				434B1B662458014B00B351E4 /* WorkoutCardList.swift in Sources */,
				434B1B9B2468F93D00B351E4 /* ScheduleListViewModel.swift in Sources */,
				434B1B912463C0B300B351E4 /* TestCellViewModel.swift in Sources */,
				434B1B6F245A871A00B351E4 /* ScheduleView.swift in Sources */,
				434B1B972468ED9400B351E4 /* ScheduleRepository.swift in Sources */,
				434B1B77245A8CB300B351E4 /* Schedule.swift in Sources */,
				434B1B5D2457FA4E00B351E4 /* Workout.swift in Sources */,
			);
			runOnlyForDeploymentPostprocessing = 0;
		};
/* End PBXSourcesBuildPhase section */

/* Begin PBXVariantGroup section */
		43797FFF2453E68400B23CCF /* LaunchScreen.storyboard */ = {
			isa = PBXVariantGroup;
			children = (
				437980002453E68400B23CCF /* Base */,
			);
			name = LaunchScreen.storyboard;
			sourceTree = "<group>";
		};
/* End PBXVariantGroup section */

/* Begin XCBuildConfiguration section */
		437980032453E68400B23CCF /* Debug */ = {
			isa = XCBuildConfiguration;
			buildSettings = {
				ALWAYS_SEARCH_USER_PATHS = NO;
				CLANG_ANALYZER_NONNULL = YES;
				CLANG_ANALYZER_NUMBER_OBJECT_CONVERSION = YES_AGGRESSIVE;
				CLANG_CXX_LANGUAGE_STANDARD = "gnu++14";
				CLANG_CXX_LIBRARY = "libc++";
				CLANG_ENABLE_MODULES = YES;
				CLANG_ENABLE_OBJC_ARC = YES;
				CLANG_ENABLE_OBJC_WEAK = YES;
				CLANG_WARN_BLOCK_CAPTURE_AUTORELEASING = YES;
				CLANG_WARN_BOOL_CONVERSION = YES;
				CLANG_WARN_COMMA = YES;
				CLANG_WARN_CONSTANT_CONVERSION = YES;
				CLANG_WARN_DEPRECATED_OBJC_IMPLEMENTATIONS = YES;
				CLANG_WARN_DIRECT_OBJC_ISA_USAGE = YES_ERROR;
				CLANG_WARN_DOCUMENTATION_COMMENTS = YES;
				CLANG_WARN_EMPTY_BODY = YES;
				CLANG_WARN_ENUM_CONVERSION = YES;
				CLANG_WARN_INFINITE_RECURSION = YES;
				CLANG_WARN_INT_CONVERSION = YES;
				CLANG_WARN_NON_LITERAL_NULL_CONVERSION = YES;
				CLANG_WARN_OBJC_IMPLICIT_RETAIN_SELF = YES;
				CLANG_WARN_OBJC_LITERAL_CONVERSION = YES;
				CLANG_WARN_OBJC_ROOT_CLASS = YES_ERROR;
				CLANG_WARN_RANGE_LOOP_ANALYSIS = YES;
				CLANG_WARN_STRICT_PROTOTYPES = YES;
				CLANG_WARN_SUSPICIOUS_MOVE = YES;
				CLANG_WARN_UNGUARDED_AVAILABILITY = YES_AGGRESSIVE;
				CLANG_WARN_UNREACHABLE_CODE = YES;
				CLANG_WARN__DUPLICATE_METHOD_MATCH = YES;
				COPY_PHASE_STRIP = NO;
				DEBUG_INFORMATION_FORMAT = dwarf;
				ENABLE_STRICT_OBJC_MSGSEND = YES;
				ENABLE_TESTABILITY = YES;
				GCC_C_LANGUAGE_STANDARD = gnu11;
				GCC_DYNAMIC_NO_PIC = NO;
				GCC_NO_COMMON_BLOCKS = YES;
				GCC_OPTIMIZATION_LEVEL = 0;
				GCC_PREPROCESSOR_DEFINITIONS = (
					"DEBUG=1",
					"$(inherited)",
				);
				GCC_WARN_64_TO_32_BIT_CONVERSION = YES;
				GCC_WARN_ABOUT_RETURN_TYPE = YES_ERROR;
				GCC_WARN_UNDECLARED_SELECTOR = YES;
				GCC_WARN_UNINITIALIZED_AUTOS = YES_AGGRESSIVE;
				GCC_WARN_UNUSED_FUNCTION = YES;
				GCC_WARN_UNUSED_VARIABLE = YES;
				IPHONEOS_DEPLOYMENT_TARGET = 13.4;
				MTL_ENABLE_DEBUG_INFO = INCLUDE_SOURCE;
				MTL_FAST_MATH = YES;
				ONLY_ACTIVE_ARCH = YES;
				SDKROOT = iphoneos;
				SWIFT_ACTIVE_COMPILATION_CONDITIONS = DEBUG;
				SWIFT_OPTIMIZATION_LEVEL = "-Onone";
			};
			name = Debug;
		};
		437980042453E68400B23CCF /* Release */ = {
			isa = XCBuildConfiguration;
			buildSettings = {
				ALWAYS_SEARCH_USER_PATHS = NO;
				CLANG_ANALYZER_NONNULL = YES;
				CLANG_ANALYZER_NUMBER_OBJECT_CONVERSION = YES_AGGRESSIVE;
				CLANG_CXX_LANGUAGE_STANDARD = "gnu++14";
				CLANG_CXX_LIBRARY = "libc++";
				CLANG_ENABLE_MODULES = YES;
				CLANG_ENABLE_OBJC_ARC = YES;
				CLANG_ENABLE_OBJC_WEAK = YES;
				CLANG_WARN_BLOCK_CAPTURE_AUTORELEASING = YES;
				CLANG_WARN_BOOL_CONVERSION = YES;
				CLANG_WARN_COMMA = YES;
				CLANG_WARN_CONSTANT_CONVERSION = YES;
				CLANG_WARN_DEPRECATED_OBJC_IMPLEMENTATIONS = YES;
				CLANG_WARN_DIRECT_OBJC_ISA_USAGE = YES_ERROR;
				CLANG_WARN_DOCUMENTATION_COMMENTS = YES;
				CLANG_WARN_EMPTY_BODY = YES;
				CLANG_WARN_ENUM_CONVERSION = YES;
				CLANG_WARN_INFINITE_RECURSION = YES;
				CLANG_WARN_INT_CONVERSION = YES;
				CLANG_WARN_NON_LITERAL_NULL_CONVERSION = YES;
				CLANG_WARN_OBJC_IMPLICIT_RETAIN_SELF = YES;
				CLANG_WARN_OBJC_LITERAL_CONVERSION = YES;
				CLANG_WARN_OBJC_ROOT_CLASS = YES_ERROR;
				CLANG_WARN_RANGE_LOOP_ANALYSIS = YES;
				CLANG_WARN_STRICT_PROTOTYPES = YES;
				CLANG_WARN_SUSPICIOUS_MOVE = YES;
				CLANG_WARN_UNGUARDED_AVAILABILITY = YES_AGGRESSIVE;
				CLANG_WARN_UNREACHABLE_CODE = YES;
				CLANG_WARN__DUPLICATE_METHOD_MATCH = YES;
				COPY_PHASE_STRIP = NO;
				DEBUG_INFORMATION_FORMAT = "dwarf-with-dsym";
				ENABLE_NS_ASSERTIONS = NO;
				ENABLE_STRICT_OBJC_MSGSEND = YES;
				GCC_C_LANGUAGE_STANDARD = gnu11;
				GCC_NO_COMMON_BLOCKS = YES;
				GCC_WARN_64_TO_32_BIT_CONVERSION = YES;
				GCC_WARN_ABOUT_RETURN_TYPE = YES_ERROR;
				GCC_WARN_UNDECLARED_SELECTOR = YES;
				GCC_WARN_UNINITIALIZED_AUTOS = YES_AGGRESSIVE;
				GCC_WARN_UNUSED_FUNCTION = YES;
				GCC_WARN_UNUSED_VARIABLE = YES;
				IPHONEOS_DEPLOYMENT_TARGET = 13.4;
				MTL_ENABLE_DEBUG_INFO = NO;
				MTL_FAST_MATH = YES;
				SDKROOT = iphoneos;
				SWIFT_COMPILATION_MODE = wholemodule;
				SWIFT_OPTIMIZATION_LEVEL = "-O";
				VALIDATE_PRODUCT = YES;
			};
			name = Release;
		};
		437980062453E68400B23CCF /* Debug */ = {
			isa = XCBuildConfiguration;
			baseConfigurationReference = 3F4DD958BF6A96059E720551 /* Pods-ios.debug.xcconfig */;
			buildSettings = {
				ASSETCATALOG_COMPILER_APPICON_NAME = AppIcon;
				CODE_SIGN_STYLE = Automatic;
				DEVELOPMENT_ASSET_PATHS = "\"ios/Preview Content\"";
				DEVELOPMENT_TEAM = G93HY2SYLQ;
				ENABLE_PREVIEWS = YES;
				INFOPLIST_FILE = ios/Info.plist;
				IPHONEOS_DEPLOYMENT_TARGET = 13.0;
				LD_RUNPATH_SEARCH_PATHS = (
					"$(inherited)",
					"@executable_path/Frameworks",
				);
				PRODUCT_BUNDLE_IDENTIFIER = com.bruinfitness.ios;
				PRODUCT_NAME = "$(TARGET_NAME)";
				SWIFT_VERSION = 5.0;
				TARGETED_DEVICE_FAMILY = "1,2";
			};
			name = Debug;
		};
		437980072453E68400B23CCF /* Release */ = {
			isa = XCBuildConfiguration;
			baseConfigurationReference = E6B6010C6312A2C2E3035397 /* Pods-ios.release.xcconfig */;
			buildSettings = {
				ASSETCATALOG_COMPILER_APPICON_NAME = AppIcon;
				CODE_SIGN_STYLE = Automatic;
				DEVELOPMENT_ASSET_PATHS = "\"ios/Preview Content\"";
				DEVELOPMENT_TEAM = G93HY2SYLQ;
				ENABLE_PREVIEWS = YES;
				INFOPLIST_FILE = ios/Info.plist;
				IPHONEOS_DEPLOYMENT_TARGET = 13.0;
				LD_RUNPATH_SEARCH_PATHS = (
					"$(inherited)",
					"@executable_path/Frameworks",
				);
				PRODUCT_BUNDLE_IDENTIFIER = com.bruinfitness.ios;
				PRODUCT_NAME = "$(TARGET_NAME)";
				SWIFT_VERSION = 5.0;
				TARGETED_DEVICE_FAMILY = "1,2";
			};
			name = Release;
		};
/* End XCBuildConfiguration section */

/* Begin XCConfigurationList section */
		43797FEC2453E67C00B23CCF /* Build configuration list for PBXProject "ios" */ = {
			isa = XCConfigurationList;
			buildConfigurations = (
				437980032453E68400B23CCF /* Debug */,
				437980042453E68400B23CCF /* Release */,
			);
			defaultConfigurationIsVisible = 0;
			defaultConfigurationName = Release;
		};
		437980052453E68400B23CCF /* Build configuration list for PBXNativeTarget "ios" */ = {
			isa = XCConfigurationList;
			buildConfigurations = (
				437980062453E68400B23CCF /* Debug */,
				437980072453E68400B23CCF /* Release */,
			);
			defaultConfigurationIsVisible = 0;
			defaultConfigurationName = Release;
		};
/* End XCConfigurationList section */
	};
	rootObject = 43797FE92453E67C00B23CCF /* Project object */;
}
